PODS:
  - Alamofire (4.7.2)
  - AlamofireImage (3.3.1):
    - Alamofire (~> 4.5)
  - AlamofireNetworkActivityLogger (2.3.0):
    - Alamofire (~> 4.6)
  - AlamofireObjectMapper (5.0.0):
    - Alamofire (~> 4.1)
    - ObjectMapper (~> 3.0)
  - Atributika (4.4.3)
  - AZSearchView (1.0.3)
  - CircleProgressView (1.1.3)
  - Crashlytics (3.10.2):
    - Fabric (~> 1.7.7)
  - CustomLoader (1.0.0)
  - DGCollectionViewPaginableBehavior (1.0.4)
  - EasyAbout (1.1.3)
  - Eureka (4.1.1)
  - EZPlayer (1.0.0)
  - Fabric (1.7.7)
  - Firebase/Core (5.2.0):
    - Firebase/CoreOnly
    - FirebaseAnalytics (= 5.0.1)
  - Firebase/CoreOnly (5.2.0):
    - FirebaseCore (= 5.0.3)
  - Firebase/Messaging (5.2.0):
    - Firebase/CoreOnly
    - FirebaseMessaging (= 3.0.2)
  - Firebase/Performance (5.2.0):
    - Firebase/Core
    - FirebasePerformance (= 2.0.0)
  - Firebase/RemoteConfig (5.2.0):
    - Firebase/Core
    - FirebaseRemoteConfig (= 3.0.0)
  - FirebaseABTesting (2.0.0):
    - FirebaseCore (~> 5.0)
    - Protobuf (~> 3.5)
  - FirebaseAnalytics (5.0.1):
    - FirebaseCore (~> 5.0)
    - FirebaseInstanceID (~> 3.0)
    - "GoogleToolboxForMac/NSData+zlib (~> 2.1)"
    - nanopb (~> 0.3)
  - FirebaseCore (5.0.3):
    - "GoogleToolboxForMac/NSData+zlib (~> 2.1)"
  - FirebaseInstanceID (3.1.0):
    - FirebaseCore (~> 5.0)
  - FirebaseMessaging (3.0.2):
    - FirebaseCore (~> 5.0)
    - FirebaseInstanceID (~> 3.0)
    - GoogleToolboxForMac/Logger (~> 2.1)
    - Protobuf (~> 3.1)
  - FirebasePerformance (2.0.0):
    - FirebaseAnalytics (~> 5.0)
    - FirebaseInstanceID (~> 3.0)
    - FirebaseSwizzlingUtilities/ISASwizzling (~> 2.0)
    - FirebaseSwizzlingUtilities/MethodSwizzling (~> 2.0)
    - GoogleToolboxForMac/Logger (~> 2.1)
    - "GoogleToolboxForMac/NSData+zlib (~> 2.1)"
    - GTMSessionFetcher/Core (~> 1.1)
    - Protobuf (~> 3.5)
  - FirebaseRemoteConfig (3.0.0):
    - FirebaseABTesting (~> 2.0)
    - FirebaseAnalytics (~> 5.0)
    - FirebaseCore (~> 5.0)
    - FirebaseInstanceID (~> 3.0)
    - "GoogleToolboxForMac/NSData+zlib (~> 2.1)"
    - Protobuf (~> 3.5)
  - FirebaseSwizzlingUtilities/ISASwizzling (2.0.0)
  - FirebaseSwizzlingUtilities/MethodSwizzling (2.0.0):
    - FirebaseCore (~> 5.0)
  - GoogleToolboxForMac/Defines (2.1.4)
  - GoogleToolboxForMac/Logger (2.1.4):
    - GoogleToolboxForMac/Defines (= 2.1.4)
  - "GoogleToolboxForMac/NSData+zlib (2.1.4)":
    - GoogleToolboxForMac/Defines (= 2.1.4)
  - GradientLoadingBar (1.1.11)
  - GTMSessionFetcher/Core (1.1.15)
  - InteractiveSideMenu (2.3)
  - KeychainSwift (11.0.0)
  - Kingfisher (4.8.0)
  - Letters (2.1.1)
  - LKAlertController (1.12.1)
  - MarqueeLabel/Swift (3.1.6)
  - Mixpanel (3.3.2)
  - nanopb (0.3.8):
    - nanopb/decode (= 0.3.8)
    - nanopb/encode (= 0.3.8)
  - nanopb/decode (0.3.8)
  - nanopb/encode (0.3.8)
  - NDYoutubePlayer (0.1.6)
  - NotificationBannerSwift (1.6.3):
    - MarqueeLabel/Swift
    - SnapKit (~> 4.0)
  - NTDownload (1.0.0)
  - ObjectMapper (3.2.0)
  - Protobuf (3.6.0)
  - R.swift (4.0.0):
    - R.swift.Library (~> 4.0.0)
  - R.swift.Library (4.0.0)
  - Reveal-SDK (15)
  - RevealingSplashView (0.5.0)
  - SnapKit (4.0.0)
  - SubtleVolume (0.5.2)
  - SwifterSwift (4.3.0):
    - SwifterSwift/AppKit (= 4.3.0)
    - SwifterSwift/CoreGraphics (= 4.3.0)
    - SwifterSwift/CoreLocation (= 4.3.0)
    - SwifterSwift/Foundation (= 4.3.0)
    - SwifterSwift/MapKit (= 4.3.0)
    - SwifterSwift/SwiftStdlib (= 4.3.0)
    - SwifterSwift/UIKit (= 4.3.0)
  - SwifterSwift/AppKit (4.3.0)
  - SwifterSwift/CoreGraphics (4.3.0)
  - SwifterSwift/CoreLocation (4.3.0)
  - SwifterSwift/Foundation (4.3.0)
  - SwifterSwift/MapKit (4.3.0)
  - SwifterSwift/SwiftStdlib (4.3.0)
  - SwifterSwift/UIKit (4.3.0)
  - SwiftyBeaver (1.6.0)
  - SwiftyUserDefaults (3.0.1)
  - TMDBSwift (0.4.3.1)
  - UIEmptyState (3.1.2)

DEPENDENCIES:
  - Alamofire
  - AlamofireImage
  - AlamofireNetworkActivityLogger
  - AlamofireObjectMapper
  - Atributika
  - AZSearchView (from `https://github.com/hintoz/AZSearchView.git`)
  - CircleProgressView
  - Crashlytics
  - CustomLoader
  - DGCollectionViewPaginableBehavior (from `https://github.com/hintoz/collection-view-paginable-behavior.git`, branch `develop`)
  - EasyAbout
  - Eureka
  - EZPlayer (from `https://github.com/hintoz/EZPlayer.git`)
  - Fabric
  - Firebase/Core
  - Firebase/Messaging
  - Firebase/Performance
  - Firebase/RemoteConfig
  - GradientLoadingBar
  - InteractiveSideMenu
  - KeychainSwift
  - Kingfisher
  - Letters
  - LKAlertController
  - Mixpanel
  - NDYoutubePlayer (from `https://github.com/hintoz/NDYoutubePlayer.git`)
  - NotificationBannerSwift
  - NTDownload (from `https://github.com/hintoz/NTDownload.git`)
  - R.swift
  - Reveal-SDK
  - RevealingSplashView
  - SubtleVolume
  - SwifterSwift
  - SwiftyBeaver
  - SwiftyUserDefaults
  - TMDBSwift (from `https://github.com/gkye/TheMovieDatabaseSwiftWrapper.git`)
  - UIEmptyState

SPEC REPOS:
  https://github.com/cocoapods/specs.git:
    - Alamofire
    - AlamofireImage
    - AlamofireNetworkActivityLogger
    - AlamofireObjectMapper
    - Atributika
    - CircleProgressView
    - Crashlytics
    - CustomLoader
    - EasyAbout
    - Eureka
    - Fabric
    - Firebase
    - FirebaseABTesting
    - FirebaseAnalytics
    - FirebaseCore
    - FirebaseInstanceID
    - FirebaseMessaging
    - FirebasePerformance
    - FirebaseRemoteConfig
    - FirebaseSwizzlingUtilities
    - GoogleToolboxForMac
    - GradientLoadingBar
    - GTMSessionFetcher
    - InteractiveSideMenu
    - KeychainSwift
    - Kingfisher
    - Letters
    - LKAlertController
    - MarqueeLabel
    - Mixpanel
    - nanopb
    - NotificationBannerSwift
    - ObjectMapper
    - Protobuf
    - R.swift
    - R.swift.Library
    - Reveal-SDK
    - RevealingSplashView
    - SnapKit
    - SubtleVolume
    - SwifterSwift
    - SwiftyBeaver
    - SwiftyUserDefaults
    - UIEmptyState

EXTERNAL SOURCES:
  AZSearchView:
    :git: https://github.com/hintoz/AZSearchView.git
  DGCollectionViewPaginableBehavior:
    :branch: develop
    :git: https://github.com/hintoz/collection-view-paginable-behavior.git
  EZPlayer:
    :git: https://github.com/hintoz/EZPlayer.git
  NDYoutubePlayer:
    :git: https://github.com/hintoz/NDYoutubePlayer.git
  NTDownload:
    :git: https://github.com/hintoz/NTDownload.git
  TMDBSwift:
    :git: https://github.com/gkye/TheMovieDatabaseSwiftWrapper.git

CHECKOUT OPTIONS:
  AZSearchView:
    :commit: c4fe61049d3f234f0ca701834c110020812545f3
    :git: https://github.com/hintoz/AZSearchView.git
  DGCollectionViewPaginableBehavior:
    :commit: 1d32e9fd707ab884a5ccecc5915b76f984c01dfc
    :git: https://github.com/hintoz/collection-view-paginable-behavior.git
  EZPlayer:
    :commit: e5885c7553f81bddf9015b1ce8538688d07fea08
    :git: https://github.com/hintoz/EZPlayer.git
  NDYoutubePlayer:
    :commit: 300084cdc96638d26010748b70ae52cc2e5fe80a
    :git: https://github.com/hintoz/NDYoutubePlayer.git
  NTDownload:
    :commit: 7beef1c454b27f4b7d586cc7d8a072f00b7e8b51
    :git: https://github.com/hintoz/NTDownload.git
  TMDBSwift:
    :commit: cbba221928de70734f419273d53864592dba8010
    :git: https://github.com/gkye/TheMovieDatabaseSwiftWrapper.git

SPEC CHECKSUMS:
  Alamofire: e4fa87002c137ba2d8d634d2c51fabcda0d5c223
  AlamofireImage: 3b35b586853abaf94ca1250f4e94cff3c21a4c0d
  AlamofireNetworkActivityLogger: 6f3076652ab7fa6c819b59be08ea038d339e36d8
  AlamofireObjectMapper: 5fafc816351cbbc0d486611aaeba7461c0cbad49
  Atributika: c2ecee6c96af80c29d6ed1606e70fa137e51790f
  AZSearchView: 4b0b61e576b07bc75b780bca44e80244b74bc436
  CircleProgressView: 66e4d663a2bc7a9086e37b518868be923cd0a23a
  Crashlytics: 0360624eea1c978a743feddb2fb1ef8b37fb7a0d
  CustomLoader: 6f1688352f81400eed9aa801067302ef3f7b6a3c
  DGCollectionViewPaginableBehavior: 254e6747b0cd92f87798c4f0f35d233c6e49ec2e
  EasyAbout: cf6b9fa955715646ef3c836bf21b58230011bcb1
  Eureka: b88fb930e42c79f8c03c373d0fcdc28c1d6c50ed
  EZPlayer: 3f15911d44c3f4d8d4e1c52bd5e97c70d9481280
  Fabric: bda89e242bce1b7b8ab264248cf3407774ce0095
  Firebase: 25ed0412036d7d008568d1fb4d2e9d81ea8a0a2c
  FirebaseABTesting: 1f50b8d50f5e3469eea54e7463a7b7fe221d1f5e
  FirebaseAnalytics: b3628aea54c50464c32c393fb2ea032566e7ecc2
  FirebaseCore: a3c87242451633fff8490183898075ce77d168d2
  FirebaseInstanceID: 05d779cbb97bd5bd5c51a38a903fc9cfe1b2454a
  FirebaseMessaging: 6894b8fe0a0cf26c3b13dad729f1131654ae0bdb
  FirebasePerformance: 1ec6c40e5dad2543ca4c4f25d15168bde6322c2c
  FirebaseRemoteConfig: 3c57e4644bd6976b671ae0b725cd709f198bd1f5
  FirebaseSwizzlingUtilities: 6c22677c50d0b6f5f0dc637c1233f13694a3003f
  GoogleToolboxForMac: 91c824d21e85b31c2aae9bb011c5027c9b4e738f
  GradientLoadingBar: d06c05c4732c6a1404d47f33342de8fb3062d5e2
  GTMSessionFetcher: 5fa5b80fd20e439ef5f545fb2cb3ca6c6714caa2
  InteractiveSideMenu: d503a508c6d62a4d5d4372d9fb9e1795637a8e45
  KeychainSwift: bea6bd9f98af7b8d7ca4aa79fe105c00fab532db
  Kingfisher: 976d828df2b24834c6a3f2fc4d82cdbd26552be1
  Letters: 34476b0d413813bcf9273b2760be7ff4cd75f5c7
  LKAlertController: e229465c0b4543ea122bfe62567747e6213ee43f
  MarqueeLabel: 0c41f08ef5773e29c0f71064a8fa788a2fd8b365
  Mixpanel: be4de218d0ffaaae59b498078b2ecf2db1f8072c
  nanopb: 5601e6bca2dbf1ed831b519092ec110f66982ca3
  NDYoutubePlayer: 87aabd954c103f090601a2e09cdf9c31ec0440f0
  NotificationBannerSwift: b231e4c3244848ef300e1c53ce027b9756b9b06f
  NTDownload: d272237475a73b33655a366fcd841fc2c051a5b1
  ObjectMapper: 5cccd2de6f253eda859df8116a5a554d9769e859
  Protobuf: 0fc0ad8bec688b2a3017a139953e01374fedbd5f
  R.swift: d6a5ec2f55a8441dc0ed9f1f8b37d7d11ae85c66
  R.swift.Library: c3af34921024333546e23b70e70d0b4e0cffca75
  Reveal-SDK: 25e21896c478b60b948f876043f91570d368d23d
  RevealingSplashView: 0794eecad3a8983ac11a1fe474e9a9b51b926780
  SnapKit: a42d492c16e80209130a3379f73596c3454b7694
  SubtleVolume: 605eef49ca714af247c0a8efae63e86b3530480b
  SwifterSwift: f3fce2b9fc5b9d8fda6eec33825e5243c60aebba
  SwiftyBeaver: e45759613e50b522b0e6f53b1f0f14389b45ca34
  SwiftyUserDefaults: 3d273b1739b68ada3145dc754a70ec775bc5c8be
  TMDBSwift: d3dacaa215b99df4e535962b10bf2f3845f25b2e
  UIEmptyState: e6331312fb788880575701cb9c6230e5d2eaf6b0

PODFILE CHECKSUM: 0d6071cc564f2d76dfb5ef907c85e46cfc735ad1

COCOAPODS: 1.5.3
